<?xml version="1.0" encoding="utf-8"?>
<Project ToolsVersion="4.0" xmlns="http://schemas.microsoft.com/developer/msbuild/2003">
  <ItemGroup>
    <Filter Include="Source">
      <UniqueIdentifier>{4FC737F1-C7A5-4376-A066-2A32D752A2FF}</UniqueIdentifier>
      <Extensions>cpp;c;cc;cxx;c++;cppm;ixx;def;odl;idl;hpj;bat;asm;asmx</Extensions>
    </Filter>
    <Filter Include="Code">
      <UniqueIdentifier>{93995380-89BD-4b04-88EB-625FBE52EBFB}</UniqueIdentifier>
      <Extensions>h;hh;hpp;hxx;h++;hm;inl;inc;ipp;xsd</Extensions>
    </Filter>
    <Filter Include="Code\WIP">
      <UniqueIdentifier>{89fc5ee4-85d7-4de4-82ac-701330223ad9}</UniqueIdentifier>
    </Filter>
    <Filter Include="Code\Base">
      <UniqueIdentifier>{cb08f9c8-d0f1-4598-a9ec-a6d55e854a7f}</UniqueIdentifier>
    </Filter>
    <Filter Include="Code\temp">
      <UniqueIdentifier>{553885e9-dad9-4dd1-bebd-265f50b287d1}</UniqueIdentifier>
    </Filter>
    <Filter Include="Code\temp\platform">
      <UniqueIdentifier>{26d56b3a-1848-4ea1-8690-bfb7b20a233d}</UniqueIdentifier>
    </Filter>
  </ItemGroup>
  <ItemGroup>
    <ClInclude Include="Engine.hpp">
      <Filter>Code</Filter>
    </ClInclude>
    <ClInclude Include="Timer.hpp">
      <Filter>Code\WIP</Filter>
    </ClInclude>
    <ClInclude Include="Math.hpp">
      <Filter>Code\WIP</Filter>
    </ClInclude>
    <ClInclude Include="File.hpp">
      <Filter>Code\WIP</Filter>
    </ClInclude>
    <ClInclude Include="Container.hpp">
      <Filter>Code\Base</Filter>
    </ClInclude>
    <ClInclude Include="Common.hpp">
      <Filter>Code\Base</Filter>
    </ClInclude>
    <ClInclude Include="Debug.hpp">
      <Filter>Code\Base</Filter>
    </ClInclude>
    <ClInclude Include="Serialization.hpp">
      <Filter>Code\Base</Filter>
    </ClInclude>
    <ClInclude Include="String.hpp">
      <Filter>Code\Base</Filter>
    </ClInclude>
    <ClInclude Include="Object.hpp">
      <Filter>Code\Base</Filter>
    </ClInclude>
    <ClInclude Include="System.hpp">
      <Filter>Code\WIP</Filter>
    </ClInclude>
    <ClInclude Include="DeviceAndroid.hpp">
      <Filter>Code\temp\platform</Filter>
    </ClInclude>
    <ClInclude Include="DeviceWindows.hpp">
      <Filter>Code\temp\platform</Filter>
    </ClInclude>
    <ClInclude Include="GraphicsD3D11.hpp">
      <Filter>Code\temp\platform</Filter>
    </ClInclude>
    <ClInclude Include="GraphicsGLES3.hpp">
      <Filter>Code\temp\platform</Filter>
    </ClInclude>
    <ClInclude Include="Device.hpp">
      <Filter>Code\temp</Filter>
    </ClInclude>
    <ClInclude Include="Input.hpp">
      <Filter>Code\temp</Filter>
    </ClInclude>
    <ClInclude Include="GraphicsOGL.hpp">
      <Filter>Code\temp\platform</Filter>
    </ClInclude>
  </ItemGroup>
  <ItemGroup>
    <ClCompile Include="Debug.cpp">
      <Filter>Code\Base</Filter>
    </ClCompile>
    <ClCompile Include="Serialization.cpp">
      <Filter>Code\Base</Filter>
    </ClCompile>
    <ClCompile Include="String.cpp">
      <Filter>Code\Base</Filter>
    </ClCompile>
    <ClCompile Include="Object.cpp">
      <Filter>Code\Base</Filter>
    </ClCompile>
    <ClCompile Include="System.cpp">
      <Filter>Code\WIP</Filter>
    </ClCompile>
    <ClCompile Include="File.cpp">
      <Filter>Code\WIP</Filter>
    </ClCompile>
    <ClCompile Include="Math.cpp">
      <Filter>Code\WIP</Filter>
    </ClCompile>
  </ItemGroup>
  <ItemGroup>
    <Text Include="ToDo.txt" />
  </ItemGroup>
</Project>